
Microsoft Visual Studio Solution File, Format Version 12.00
# Visual Studio Version 17
VisualStudioVersion = 17.0.31903.59
MinimumVisualStudioVersion = 10.0.40219.1
Project("{FAE04EC0-301F-11D3-BF4B-00C04F79EFBC}") = "ZorZap.Core", "ZorZap.Core\ZorZap.Core.csproj", "{58FBC63F-359D-4525-B5C0-3B8EA900953B}"
EndProject
Project("{FAE04EC0-301F-11D3-BF4B-00C04F79EFBC}") = "ZorZap.Infrastructure", "ZorZap.Infrastructure\ZorZap.Infrastructure.csproj", "{5ED4EF15-0681-4DBB-AF45-38B344A792E6}"
EndProject
Project("{FAE04EC0-301F-11D3-BF4B-00C04F79EFBC}") = "ZorZap.Api", "ZorZap.Api\ZorZap.Api.csproj", "{EA629853-43D8-4010-AD56-BFC506B38AA5}"
EndProject
Global
	GlobalSection(SolutionConfigurationPlatforms) = preSolution
		Debug|Any CPU = Debug|Any CPU
		Debug|x64 = Debug|x64
		Debug|x86 = Debug|x86
		Release|Any CPU = Release|Any CPU
		Release|x64 = Release|x64
		Release|x86 = Release|x86
	EndGlobalSection
	GlobalSection(ProjectConfigurationPlatforms) = postSolution
		{58FBC63F-359D-4525-B5C0-3B8EA900953B}.Debug|Any CPU.ActiveCfg = Debug|Any CPU
		{58FBC63F-359D-4525-B5C0-3B8EA900953B}.Debug|Any CPU.Build.0 = Debug|Any CPU
		{58FBC63F-359D-4525-B5C0-3B8EA900953B}.Debug|x64.ActiveCfg = Debug|Any CPU
		{58FBC63F-359D-4525-B5C0-3B8EA900953B}.Debug|x64.Build.0 = Debug|Any CPU
		{58FBC63F-359D-4525-B5C0-3B8EA900953B}.Debug|x86.ActiveCfg = Debug|Any CPU
		{58FBC63F-359D-4525-B5C0-3B8EA900953B}.Debug|x86.Build.0 = Debug|Any CPU
		{58FBC63F-359D-4525-B5C0-3B8EA900953B}.Release|Any CPU.ActiveCfg = Release|Any CPU
		{58FBC63F-359D-4525-B5C0-3B8EA900953B}.Release|Any CPU.Build.0 = Release|Any CPU
		{58FBC63F-359D-4525-B5C0-3B8EA900953B}.Release|x64.ActiveCfg = Release|Any CPU
		{58FBC63F-359D-4525-B5C0-3B8EA900953B}.Release|x64.Build.0 = Release|Any CPU
		{58FBC63F-359D-4525-B5C0-3B8EA900953B}.Release|x86.ActiveCfg = Release|Any CPU
		{58FBC63F-359D-4525-B5C0-3B8EA900953B}.Release|x86.Build.0 = Release|Any CPU
		{5ED4EF15-0681-4DBB-AF45-38B344A792E6}.Debug|Any CPU.ActiveCfg = Debug|Any CPU
		{5ED4EF15-0681-4DBB-AF45-38B344A792E6}.Debug|Any CPU.Build.0 = Debug|Any CPU
		{5ED4EF15-0681-4DBB-AF45-38B344A792E6}.Debug|x64.ActiveCfg = Debug|Any CPU
		{5ED4EF15-0681-4DBB-AF45-38B344A792E6}.Debug|x64.Build.0 = Debug|Any CPU
		{5ED4EF15-0681-4DBB-AF45-38B344A792E6}.Debug|x86.ActiveCfg = Debug|Any CPU
		{5ED4EF15-0681-4DBB-AF45-38B344A792E6}.Debug|x86.Build.0 = Debug|Any CPU
		{5ED4EF15-0681-4DBB-AF45-38B344A792E6}.Release|Any CPU.ActiveCfg = Release|Any CPU
		{5ED4EF15-0681-4DBB-AF45-38B344A792E6}.Release|Any CPU.Build.0 = Release|Any CPU
		{5ED4EF15-0681-4DBB-AF45-38B344A792E6}.Release|x64.ActiveCfg = Release|Any CPU
		{5ED4EF15-0681-4DBB-AF45-38B344A792E6}.Release|x64.Build.0 = Release|Any CPU
		{5ED4EF15-0681-4DBB-AF45-38B344A792E6}.Release|x86.ActiveCfg = Release|Any CPU
		{5ED4EF15-0681-4DBB-AF45-38B344A792E6}.Release|x86.Build.0 = Release|Any CPU
		{EA629853-43D8-4010-AD56-BFC506B38AA5}.Debug|Any CPU.ActiveCfg = Debug|Any CPU
		{EA629853-43D8-4010-AD56-BFC506B38AA5}.Debug|Any CPU.Build.0 = Debug|Any CPU
		{EA629853-43D8-4010-AD56-BFC506B38AA5}.Debug|x64.ActiveCfg = Debug|Any CPU
		{EA629853-43D8-4010-AD56-BFC506B38AA5}.Debug|x64.Build.0 = Debug|Any CPU
		{EA629853-43D8-4010-AD56-BFC506B38AA5}.Debug|x86.ActiveCfg = Debug|Any CPU
		{EA629853-43D8-4010-AD56-BFC506B38AA5}.Debug|x86.Build.0 = Debug|Any CPU
		{EA629853-43D8-4010-AD56-BFC506B38AA5}.Release|Any CPU.ActiveCfg = Release|Any CPU
		{EA629853-43D8-4010-AD56-BFC506B38AA5}.Release|Any CPU.Build.0 = Release|Any CPU
		{EA629853-43D8-4010-AD56-BFC506B38AA5}.Release|x64.ActiveCfg = Release|Any CPU
		{EA629853-43D8-4010-AD56-BFC506B38AA5}.Release|x64.Build.0 = Release|Any CPU
		{EA629853-43D8-4010-AD56-BFC506B38AA5}.Release|x86.ActiveCfg = Release|Any CPU
		{EA629853-43D8-4010-AD56-BFC506B38AA5}.Release|x86.Build.0 = Release|Any CPU
	EndGlobalSection
	GlobalSection(SolutionProperties) = preSolution
		HideSolutionNode = FALSE
	EndGlobalSection
EndGlobal
